{
  "name": "@okode/common",
  "version": "2.0.1",
  "lockfileVersion": 1,
  "requires": true,
  "dependencies": {
    "@angular/common": {
      "version": "5.0.1",
      "resolved": "https://registry.npmjs.org/@angular/common/-/common-5.0.1.tgz",
      "integrity": "sha1-QwBas8i4/68Xaq+zuGupMcPkvfk=",
      "requires": {
        "tslib": "1.8.0"
      }
    },
    "@angular/core": {
      "version": "5.0.1",
      "resolved": "https://registry.npmjs.org/@angular/core/-/core-5.0.1.tgz",
      "integrity": "sha1-pKdK/H4gWNMLgmPrbWbarOn0J7o=",
      "requires": {
        "tslib": "1.8.0"
      }
    },
    "@angular/forms": {
      "version": "5.0.1",
      "resolved": "https://registry.npmjs.org/@angular/forms/-/forms-5.0.1.tgz",
      "integrity": "sha1-afMDxME9o8qg3mNDdYg4i2rWKyE=",
      "requires": {
        "tslib": "1.8.0"
      }
    },
    "@angular/platform-browser": {
      "version": "5.0.1",
      "resolved": "https://registry.npmjs.org/@angular/platform-browser/-/platform-browser-5.0.1.tgz",
      "integrity": "sha1-FIld0w7Sow7nuZx2t2R0j0bBqGI=",
      "requires": {
        "tslib": "1.8.0"
      }
    },
    "@ionic-native/app-version": {
      "version": "4.4.0",
      "resolved": "https://registry.npmjs.org/@ionic-native/app-version/-/app-version-4.4.0.tgz",
      "integrity": "sha512-9abBEkMjqZ4JIzOFPWAcsRlnanlxStrYTJneRcpZwOLvDuGSGXLXFiiGbL64KwIX2+UBDN9J7F4FugdZ/4jHYw=="
    },
    "@ionic-native/core": {
      "version": "4.4.0",
      "resolved": "https://registry.npmjs.org/@ionic-native/core/-/core-4.4.0.tgz",
      "integrity": "sha512-Gyq8clDPeRG2AvcCydqDaYEByjIeJqWOryDkHl117wGUhZ+bY/489unL3u6ua7usGjWfUtM4Oj6hFgEzEu+kWg=="
    },
    "@ionic-native/device": {
      "version": "4.4.0",
      "resolved": "https://registry.npmjs.org/@ionic-native/device/-/device-4.4.0.tgz",
      "integrity": "sha512-9oCqn13Sl4tUlut9nRSdLZA81x2TfDbWUk7GGipU4v7C7bYIo08zjQqDdr793KyRiwsppS0hEDMNYvQ/C+Fpwg=="
    },
    "@ionic-native/file": {
      "version": "4.4.0",
      "resolved": "https://registry.npmjs.org/@ionic-native/file/-/file-4.4.0.tgz",
      "integrity": "sha512-e6EnX93gBG6HFTWYMhXkBOidkh1TKmxX2Sypmh3L42HJdofL+dfkuS3//yHaY7r651IeimK/Ew5jvG73cZPodA=="
    },
    "@ionic-native/splash-screen": {
      "version": "4.4.0",
      "resolved": "https://registry.npmjs.org/@ionic-native/splash-screen/-/splash-screen-4.4.0.tgz",
      "integrity": "sha512-M/O9dp4KpMEjkp9UaCXIRE6N/Ok94JSieQ6wu1/c7wVyRlSJ0ve8Rjco1iCDxJNmtzWK0vDF5unNydKG40xAaw=="
    },
    "@ionic/storage": {
      "version": "2.1.3",
      "resolved": "https://registry.npmjs.org/@ionic/storage/-/storage-2.1.3.tgz",
      "integrity": "sha512-/i3Vn2jNBqteAm5FuGCNei5oJlFQB2JYFkH3nR5f5i7X4kRz17XAsAKXVQjyR9wiye8HmxglIz05JsC92nYUjQ==",
      "requires": {
        "@types/localforage": "0.0.30",
        "localforage": "1.4.3",
        "localforage-cordovasqlitedriver": "1.5.0"
      }
    },
    "@types/localforage": {
      "version": "0.0.30",
      "resolved": "https://registry.npmjs.org/@types/localforage/-/localforage-0.0.30.tgz",
      "integrity": "sha1-PWCmv23aOOP4pGlhFZg3nx9klQk="
    },
    "@types/stacktrace-js": {
      "version": "0.0.32",
      "resolved": "https://registry.npmjs.org/@types/stacktrace-js/-/stacktrace-js-0.0.32.tgz",
      "integrity": "sha512-SdxmlrHfO0BxgbBP9HZWMUo2rima8lwMjPiWm6S0dyKkDa5CseamktFhXg8umu3TPVBkSlX6ZoB5uUDJK89yvg==",
      "dev": true
    },
    "acorn": {
      "version": "1.2.2",
      "resolved": "https://registry.npmjs.org/acorn/-/acorn-1.2.2.tgz",
      "integrity": "sha1-yM4n3grMdtiW0rH6099YjZ6C8BQ="
    },
    "amdefine": {
      "version": "1.0.1",
      "resolved": "https://registry.npmjs.org/amdefine/-/amdefine-1.0.1.tgz",
      "integrity": "sha1-SlKCrBZHKek2Gbz9OtFR+BfOkfU="
    },
    "ast-types": {
      "version": "0.8.15",
      "resolved": "https://registry.npmjs.org/ast-types/-/ast-types-0.8.15.tgz",
      "integrity": "sha1-ju8IJ/BN/w7IhXupJavj/qYZTlI="
    },
    "base62": {
      "version": "0.1.1",
      "resolved": "https://registry.npmjs.org/base62/-/base62-0.1.1.tgz",
      "integrity": "sha1-e0F0wvlESXU7EcJlHAg9qEGnsIQ="
    },
    "cordova-fabric-plugin": {
      "version": "1.1.10",
      "resolved": "https://registry.npmjs.org/cordova-fabric-plugin/-/cordova-fabric-plugin-1.1.10.tgz",
      "integrity": "sha512-vInDXZYxYeHKMV8Dm1V01T3Kfdh+SChdf2P9QLxNqXLsvlNXNEbdDPF8TQ1OJwqbEVTOdhYigrwnYBletqHZEw=="
    },
    "core-util-is": {
      "version": "1.0.2",
      "resolved": "https://registry.npmjs.org/core-util-is/-/core-util-is-1.0.2.tgz",
      "integrity": "sha1-tf1UIgqivFq1eqtxQMlAdUUDwac="
    },
    "error-stack-parser": {
      "version": "2.0.1",
      "resolved": "https://registry.npmjs.org/error-stack-parser/-/error-stack-parser-2.0.1.tgz",
      "integrity": "sha1-oyArj7AxFKqbQKDjZp5IsrZaAQo=",
      "requires": {
        "stackframe": "1.0.4"
      }
    },
    "es3ify": {
      "version": "0.1.4",
      "resolved": "https://registry.npmjs.org/es3ify/-/es3ify-0.1.4.tgz",
      "integrity": "sha1-rZ+l3xrjTz8x4SEbWBiy1RB439E=",
      "requires": {
        "esprima-fb": "3001.1.0-dev-harmony-fb",
        "jstransform": "3.0.0",
        "through": "2.3.8"
      }
    },
    "esmangle-evaluator": {
      "version": "1.0.1",
      "resolved": "https://registry.npmjs.org/esmangle-evaluator/-/esmangle-evaluator-1.0.1.tgz",
      "integrity": "sha1-Yg2GbvSGGzMR91dm1SqFcrs8YzY="
    },
    "esprima-fb": {
      "version": "3001.1.0-dev-harmony-fb",
      "resolved": "https://registry.npmjs.org/esprima-fb/-/esprima-fb-3001.0001.0000-dev-harmony-fb.tgz",
      "integrity": "sha1-t303q8046gt3Qmu4vCkizmtCZBE="
    },
    "falafel": {
      "version": "1.2.0",
      "resolved": "https://registry.npmjs.org/falafel/-/falafel-1.2.0.tgz",
      "integrity": "sha1-wY0k71CRF0pJfzGM0ksCaiXN2rQ=",
      "requires": {
        "acorn": "1.2.2",
        "foreach": "2.0.5",
        "isarray": "0.0.1",
        "object-keys": "1.0.11"
      }
    },
    "foreach": {
      "version": "2.0.5",
      "resolved": "https://registry.npmjs.org/foreach/-/foreach-2.0.5.tgz",
      "integrity": "sha1-C+4AUBiusmDQo6865ljdATbsG5k="
    },
    "immediate": {
      "version": "3.0.6",
      "resolved": "https://registry.npmjs.org/immediate/-/immediate-3.0.6.tgz",
      "integrity": "sha1-nbHb0Pr43m++D13V5Wu2BigN5ps="
    },
    "inherits": {
      "version": "2.0.3",
      "resolved": "https://registry.npmjs.org/inherits/-/inherits-2.0.3.tgz",
      "integrity": "sha1-Yzwsg+PaQqUC9SRmAiSA9CCCYd4="
    },
    "inline-process-browser": {
      "version": "1.0.0",
      "resolved": "https://registry.npmjs.org/inline-process-browser/-/inline-process-browser-1.0.0.tgz",
      "integrity": "sha1-RqYbFT3TybFiSxoAYm7bT39BTyI=",
      "requires": {
        "falafel": "1.2.0",
        "through2": "0.6.5"
      }
    },
    "ionic-angular": {
      "version": "3.9.2",
      "resolved": "https://registry.npmjs.org/ionic-angular/-/ionic-angular-3.9.2.tgz",
      "integrity": "sha512-BEZ6magY1i5GwM9ki/MOpszUz62+g518HsGICtw9TE1D4v9Eb6n/o7e+X0vtvpK4TdouFjQ8r5XA9VPAKW9/+Q=="
    },
    "isarray": {
      "version": "0.0.1",
      "resolved": "https://registry.npmjs.org/isarray/-/isarray-0.0.1.tgz",
      "integrity": "sha1-ihis/Kmo9Bd+Cav8YDiTmwXR7t8="
    },
    "jstransform": {
      "version": "3.0.0",
      "resolved": "https://registry.npmjs.org/jstransform/-/jstransform-3.0.0.tgz",
      "integrity": "sha1-olkats7o2XvzvoMNv6IxO4fNZAs=",
      "requires": {
        "base62": "0.1.1",
        "esprima-fb": "3001.1.0-dev-harmony-fb",
        "source-map": "0.1.31"
      }
    },
    "lie": {
      "version": "3.0.2",
      "resolved": "https://registry.npmjs.org/lie/-/lie-3.0.2.tgz",
      "integrity": "sha1-/9oh17uibzd8rYZdNkmy/Izjn+o=",
      "requires": {
        "es3ify": "0.1.4",
        "immediate": "3.0.6",
        "inline-process-browser": "1.0.0",
        "unreachable-branch-transform": "0.3.0"
      }
    },
    "localforage": {
      "version": "1.4.3",
      "resolved": "https://registry.npmjs.org/localforage/-/localforage-1.4.3.tgz",
      "integrity": "sha1-ohJUPDnHx2Qk7dEr9HTEiarKSUw=",
      "requires": {
        "lie": "3.0.2"
      }
    },
    "localforage-cordovasqlitedriver": {
      "version": "1.5.0",
      "resolved": "https://registry.npmjs.org/localforage-cordovasqlitedriver/-/localforage-cordovasqlitedriver-1.5.0.tgz",
      "integrity": "sha1-+TR4nmrZo5usBf3RFogS9DhTV2I=",
      "requires": {
        "@types/localforage": "0.0.30",
        "localforage": "1.4.3"
      }
    },
    "object-keys": {
      "version": "1.0.11",
      "resolved": "https://registry.npmjs.org/object-keys/-/object-keys-1.0.11.tgz",
      "integrity": "sha1-xUYBd4rVYPEULODgG8yotW0TQm0="
    },
    "private": {
      "version": "0.1.8",
      "resolved": "https://registry.npmjs.org/private/-/private-0.1.8.tgz",
      "integrity": "sha512-VvivMrbvd2nKkiG38qjULzlc+4Vx4wm/whI9pQD35YrARNnhxeiRktSOhSukRLFNlzg6Br/cJPet5J/u19r/mg=="
    },
    "readable-stream": {
      "version": "1.0.34",
      "resolved": "https://registry.npmjs.org/readable-stream/-/readable-stream-1.0.34.tgz",
      "integrity": "sha1-Elgg40vIQtLyqq+v5MKRbuMsFXw=",
      "requires": {
        "core-util-is": "1.0.2",
        "inherits": "2.0.3",
        "isarray": "0.0.1",
        "string_decoder": "0.10.31"
      }
    },
    "recast": {
      "version": "0.10.43",
      "resolved": "https://registry.npmjs.org/recast/-/recast-0.10.43.tgz",
      "integrity": "sha1-uV1Q9tYHYaX2JS4V2AZ4FoSRzn8=",
      "requires": {
        "ast-types": "0.8.15",
        "esprima-fb": "15001.1001.0-dev-harmony-fb",
        "private": "0.1.8",
        "source-map": "0.5.7"
      },
      "dependencies": {
        "esprima-fb": {
          "version": "15001.1001.0-dev-harmony-fb",
          "resolved": "https://registry.npmjs.org/esprima-fb/-/esprima-fb-15001.1001.0-dev-harmony-fb.tgz",
          "integrity": "sha1-Q761fsJujPI3092LM+QlM1d/Jlk="
        },
        "source-map": {
          "version": "0.5.7",
          "resolved": "https://registry.npmjs.org/source-map/-/source-map-0.5.7.tgz",
          "integrity": "sha1-igOdLRAh0i0eoUyA2OpGi6LvP8w="
        }
      }
    },
    "rxjs": {
      "version": "5.5.2",
      "resolved": "https://registry.npmjs.org/rxjs/-/rxjs-5.5.2.tgz",
      "integrity": "sha512-oRYoIKWBU3Ic37fLA5VJu31VqQO4bWubRntcHSJ+cwaDQBwdnZ9x4zmhJfm/nFQ2E82/I4loSioHnACamrKGgA==",
      "requires": {
        "symbol-observable": "1.0.4"
      }
    },
    "source-map": {
      "version": "0.1.31",
      "resolved": "https://registry.npmjs.org/source-map/-/source-map-0.1.31.tgz",
      "integrity": "sha1-n3BNDWnZ4TioG63267T94z0VHGE=",
      "requires": {
        "amdefine": "1.0.1"
      }
    },
    "stack-generator": {
      "version": "2.0.2",
      "resolved": "https://registry.npmjs.org/stack-generator/-/stack-generator-2.0.2.tgz",
      "integrity": "sha512-Qj3X+vY7qQ0OOLQomEihHk5SSnSPCI3z4RfB8kDk9lnzwznBODlkWODitEo8sHpp0a2VdSy3yuJkabNsQN5RGA==",
      "requires": {
        "stackframe": "1.0.4"
      }
    },
    "stackframe": {
      "version": "1.0.4",
      "resolved": "https://registry.npmjs.org/stackframe/-/stackframe-1.0.4.tgz",
      "integrity": "sha512-to7oADIniaYwS3MhtCa/sQhrxidCCQiF/qp4/m5iN3ipf0Y7Xlri0f6eG29r08aL7JYl8n32AF3Q5GYBZ7K8vw=="
    },
    "stacktrace-gps": {
      "version": "3.0.2",
      "resolved": "https://registry.npmjs.org/stacktrace-gps/-/stacktrace-gps-3.0.2.tgz",
      "integrity": "sha512-9o+nWhiz5wFnrB3hBHs2PTyYrS60M1vvpSzHxwxnIbtY2q9Nt51hZvhrG1+2AxD374ecwyS+IUwfkHRE/2zuGg==",
      "requires": {
        "source-map": "0.5.6",
        "stackframe": "1.0.4"
      },
      "dependencies": {
        "source-map": {
          "version": "0.5.6",
          "resolved": "https://registry.npmjs.org/source-map/-/source-map-0.5.6.tgz",
          "integrity": "sha1-dc449SvwczxafwwRjYEzSiu19BI="
        }
      }
    },
    "stacktrace-js": {
      "version": "2.0.0",
      "resolved": "https://registry.npmjs.org/stacktrace-js/-/stacktrace-js-2.0.0.tgz",
      "integrity": "sha1-d2ymRqlbxsayuQd2U2p/xyxt21g=",
      "requires": {
        "error-stack-parser": "2.0.1",
        "stack-generator": "2.0.2",
        "stacktrace-gps": "3.0.2"
      }
    },
    "string_decoder": {
      "version": "0.10.31",
      "resolved": "https://registry.npmjs.org/string_decoder/-/string_decoder-0.10.31.tgz",
      "integrity": "sha1-YuIDvEF2bGwoyfyEMB2rHFMQ+pQ="
    },
    "symbol-observable": {
      "version": "1.0.4",
      "resolved": "https://registry.npmjs.org/symbol-observable/-/symbol-observable-1.0.4.tgz",
      "integrity": "sha1-Kb9hXUqnEhvdiYsi1LP5vE4qoD0="
    },
    "through": {
      "version": "2.3.8",
      "resolved": "https://registry.npmjs.org/through/-/through-2.3.8.tgz",
      "integrity": "sha1-DdTJ/6q8NXlgsbckEV1+Doai4fU="
    },
    "through2": {
      "version": "0.6.5",
      "resolved": "https://registry.npmjs.org/through2/-/through2-0.6.5.tgz",
      "integrity": "sha1-QaucZ7KdVyCQcUEOHXp6lozTrUg=",
      "requires": {
        "readable-stream": "1.0.34",
        "xtend": "4.0.1"
      }
    },
    "tslib": {
      "version": "1.8.0",
      "resolved": "https://registry.npmjs.org/tslib/-/tslib-1.8.0.tgz",
      "integrity": "sha512-ymKWWZJST0/CkgduC2qkzjMOWr4bouhuURNXCn/inEX0L57BnRG6FhX76o7FOnsjHazCjfU2LKeSrlS2sIKQJg=="
    },
    "typescript": {
      "version": "2.6.1",
      "resolved": "https://registry.npmjs.org/typescript/-/typescript-2.6.1.tgz",
      "integrity": "sha1-7znN6ierrAtQAkLWcmq5DgyEZjE=",
      "dev": true
    },
    "unreachable-branch-transform": {
      "version": "0.3.0",
      "resolved": "https://registry.npmjs.org/unreachable-branch-transform/-/unreachable-branch-transform-0.3.0.tgz",
      "integrity": "sha1-2ZzExudG0mSSiEW2EdtUsPNHTKo=",
      "requires": {
        "esmangle-evaluator": "1.0.1",
        "recast": "0.10.43",
        "through2": "0.6.5"
      }
    },
    "xtend": {
      "version": "4.0.1",
      "resolved": "https://registry.npmjs.org/xtend/-/xtend-4.0.1.tgz",
      "integrity": "sha1-pcbVMr5lbiPbgg77lDofBJmNY68="
    },
    "zone.js": {
      "version": "0.8.18",
      "resolved": "https://registry.npmjs.org/zone.js/-/zone.js-0.8.18.tgz",
      "integrity": "sha512-knKOBQM0oea3/x9pdyDuDi7RhxDlJhOIkeixXSiTKWLgs4LpK37iBc+1HaHwzlciHUKT172CymJFKo8Xgh+44Q=="
    }
  }
}
